
Microsoft Visual Studio Solution File, Format Version 12.00
# Visual Studio Version 17
VisualStudioVersion = 17.1.32407.343
MinimumVisualStudioVersion = 10.0.40219.1
Project("{FAE04EC0-301F-11D3-BF4B-00C04F79EFBC}") = "BlazorEcommerce.Server", "BlazorEcommerce\Server\BlazorEcommerce.Server.csproj", "{CAF08F99-4CC7-4D2E-B4B8-E45BA2603965}"
EndProject
Project("{FAE04EC0-301F-11D3-BF4B-00C04F79EFBC}") = "BlazorEcommerce.Client", "BlazorEcommerce\Client\BlazorEcommerce.Client.csproj", "{0B08A5CE-3CF5-4FC0-95B3-CD4973C0B012}"
EndProject
Project("{FAE04EC0-301F-11D3-BF4B-00C04F79EFBC}") = "BlazorEcommerce.Shared", "BlazorEcommerce\Shared\BlazorEcommerce.Shared.csproj", "{365CE995-B834-4D96-91A2-3FFD239DB9D5}"
EndProject
Global
	GlobalSection(SolutionConfigurationPlatforms) = preSolution
		Debug|Any CPU = Debug|Any CPU
		Release|Any CPU = Release|Any CPU
	EndGlobalSection
	GlobalSection(ProjectConfigurationPlatforms) = postSolution
		{CAF08F99-4CC7-4D2E-B4B8-E45BA2603965}.Debug|Any CPU.ActiveCfg = Debug|Any CPU
		{CAF08F99-4CC7-4D2E-B4B8-E45BA2603965}.Debug|Any CPU.Build.0 = Debug|Any CPU
		{CAF08F99-4CC7-4D2E-B4B8-E45BA2603965}.Release|Any CPU.ActiveCfg = Release|Any CPU
		{CAF08F99-4CC7-4D2E-B4B8-E45BA2603965}.Release|Any CPU.Build.0 = Release|Any CPU
		{0B08A5CE-3CF5-4FC0-95B3-CD4973C0B012}.Debug|Any CPU.ActiveCfg = Debug|Any CPU
		{0B08A5CE-3CF5-4FC0-95B3-CD4973C0B012}.Debug|Any CPU.Build.0 = Debug|Any CPU
		{0B08A5CE-3CF5-4FC0-95B3-CD4973C0B012}.Release|Any CPU.ActiveCfg = Release|Any CPU
		{0B08A5CE-3CF5-4FC0-95B3-CD4973C0B012}.Release|Any CPU.Build.0 = Release|Any CPU
		{365CE995-B834-4D96-91A2-3FFD239DB9D5}.Debug|Any CPU.ActiveCfg = Debug|Any CPU
		{365CE995-B834-4D96-91A2-3FFD239DB9D5}.Debug|Any CPU.Build.0 = Debug|Any CPU
		{365CE995-B834-4D96-91A2-3FFD239DB9D5}.Release|Any CPU.ActiveCfg = Release|Any CPU
		{365CE995-B834-4D96-91A2-3FFD239DB9D5}.Release|Any CPU.Build.0 = Release|Any CPU
	EndGlobalSection
	GlobalSection(SolutionProperties) = preSolution
		HideSolutionNode = FALSE
	EndGlobalSection
	GlobalSection(ExtensibilityGlobals) = postSolution
		SolutionGuid = {0596AEC3-BF03-4D9C-81D7-8FBD671FB281}
	EndGlobalSection
EndGlobal
